
Microsoft Visual Studio Solution File, Format Version 12.00
# Visual Studio Version 16
VisualStudioVersion = 16.0.29728.190
MinimumVisualStudioVersion = 10.0.40219.1
Project("{FAE04EC0-301F-11D3-BF4B-00C04F79EFBC}") = "University.ConsoleUI", "University.ConsoleUI\University.ConsoleUI.csproj", "{EAD493AA-47DD-4230-B862-CE25E34EC677}"
EndProject
Project("{FAE04EC0-301F-11D3-BF4B-00C04F79EFBC}") = "University.DAL", "DAL\University.DAL.csproj", "{541E7F63-ED15-4940-9824-FECF8046F7C7}"
EndProject
Global
	GlobalSection(SolutionConfigurationPlatforms) = preSolution
		Debug|Any CPU = Debug|Any CPU
		Release|Any CPU = Release|Any CPU
	EndGlobalSection
	GlobalSection(ProjectConfigurationPlatforms) = postSolution
		{EAD493AA-47DD-4230-B862-CE25E34EC677}.Debug|Any CPU.ActiveCfg = Debug|Any CPU
		{EAD493AA-47DD-4230-B862-CE25E34EC677}.Debug|Any CPU.Build.0 = Debug|Any CPU
		{EAD493AA-47DD-4230-B862-CE25E34EC677}.Release|Any CPU.ActiveCfg = Release|Any CPU
		{EAD493AA-47DD-4230-B862-CE25E34EC677}.Release|Any CPU.Build.0 = Release|Any CPU
		{541E7F63-ED15-4940-9824-FECF8046F7C7}.Debug|Any CPU.ActiveCfg = Debug|Any CPU
		{541E7F63-ED15-4940-9824-FECF8046F7C7}.Debug|Any CPU.Build.0 = Debug|Any CPU
		{541E7F63-ED15-4940-9824-FECF8046F7C7}.Release|Any CPU.ActiveCfg = Release|Any CPU
		{541E7F63-ED15-4940-9824-FECF8046F7C7}.Release|Any CPU.Build.0 = Release|Any CPU
	EndGlobalSection
	GlobalSection(SolutionProperties) = preSolution
		HideSolutionNode = FALSE
	EndGlobalSection
	GlobalSection(ExtensibilityGlobals) = postSolution
		SolutionGuid = {94CA615B-892E-4C8C-8AC6-4D55DB9A6B54}
	EndGlobalSection
EndGlobal
